
Microsoft Visual Studio Solution File, Format Version 12.00
# Visual Studio Version 17
VisualStudioVersion = 17.5.33530.505
MinimumVisualStudioVersion = 10.0.40219.1
Project("{9A19103F-16F7-4668-BE54-9A1E7A4F7556}") = "TodoListAPI", "TodoListAPI.csproj", "{5460BC0B-40B1-4438-9771-25C2045B7B62}"
EndProject
Project("{FAE04EC0-301F-11D3-BF4B-00C04F79EFBC}") = "TodoListAPI.Test", "..\TodoListAPI.Test\TodoListAPI.Test.csproj", "{61CDDB01-0575-4605-82B7-FB76E636F5CB}"
EndProject
Global
	GlobalSection(SolutionConfigurationPlatforms) = preSolution
		Debug|Any CPU = Debug|Any CPU
		Release|Any CPU = Release|Any CPU
	EndGlobalSection
	GlobalSection(ProjectConfigurationPlatforms) = postSolution
		{5460BC0B-40B1-4438-9771-25C2045B7B62}.Debug|Any CPU.ActiveCfg = Debug|Any CPU
		{5460BC0B-40B1-4438-9771-25C2045B7B62}.Debug|Any CPU.Build.0 = Debug|Any CPU
		{5460BC0B-40B1-4438-9771-25C2045B7B62}.Release|Any CPU.ActiveCfg = Release|Any CPU
		{5460BC0B-40B1-4438-9771-25C2045B7B62}.Release|Any CPU.Build.0 = Release|Any CPU
		{61CDDB01-0575-4605-82B7-FB76E636F5CB}.Debug|Any CPU.ActiveCfg = Debug|Any CPU
		{61CDDB01-0575-4605-82B7-FB76E636F5CB}.Debug|Any CPU.Build.0 = Debug|Any CPU
		{61CDDB01-0575-4605-82B7-FB76E636F5CB}.Release|Any CPU.ActiveCfg = Release|Any CPU
		{61CDDB01-0575-4605-82B7-FB76E636F5CB}.Release|Any CPU.Build.0 = Release|Any CPU
	EndGlobalSection
	GlobalSection(SolutionProperties) = preSolution
		HideSolutionNode = FALSE
	EndGlobalSection
	GlobalSection(ExtensibilityGlobals) = postSolution
		SolutionGuid = {CB72BAA1-5835-49EA-96D9-C07174F354A3}
	EndGlobalSection
EndGlobal
